
Microsoft Visual Studio Solution File, Format Version 12.00
# Visual Studio Version 16
VisualStudioVersion = 16.0.29215.179
MinimumVisualStudioVersion = 10.0.40219.1
Project("{FAE04EC0-301F-11D3-BF4B-00C04F79EFBC}") = "Task27", "Task27.csproj", "{0BDB6ED6-EB7B-4EF2-95F4-B7A88BAE129A}"
EndProject
Global
	GlobalSection(SolutionConfigurationPlatforms) = preSolution
		Debug|Any CPU = Debug|Any CPU
		Release|Any CPU = Release|Any CPU
	EndGlobalSection
	GlobalSection(ProjectConfigurationPlatforms) = postSolution
		{0BDB6ED6-EB7B-4EF2-95F4-B7A88BAE129A}.Debug|Any CPU.ActiveCfg = Debug|Any CPU
		{0BDB6ED6-EB7B-4EF2-95F4-B7A88BAE129A}.Debug|Any CPU.Build.0 = Debug|Any CPU
		{0BDB6ED6-EB7B-4EF2-95F4-B7A88BAE129A}.Release|Any CPU.ActiveCfg = Release|Any CPU
		{0BDB6ED6-EB7B-4EF2-95F4-B7A88BAE129A}.Release|Any CPU.Build.0 = Release|Any CPU
	EndGlobalSection
	GlobalSection(SolutionProperties) = preSolution
		HideSolutionNode = FALSE
	EndGlobalSection
	GlobalSection(ExtensibilityGlobals) = postSolution
		SolutionGuid = {BA84C4C4-FEF0-48DC-ABC3-5CDE7A51694F}
	EndGlobalSection
EndGlobal
