
Microsoft Visual Studio Solution File, Format Version 12.00
# Visual Studio Version 16
VisualStudioVersion = 16.0.29215.179
MinimumVisualStudioVersion = 10.0.40219.1
Project("{FAE04EC0-301F-11D3-BF4B-00C04F79EFBC}") = "Task18", "Task18.csproj", "{05C91ED9-A00E-4502-B9DD-B0C78081E145}"
EndProject
Global
	GlobalSection(SolutionConfigurationPlatforms) = preSolution
		Debug|Any CPU = Debug|Any CPU
		Release|Any CPU = Release|Any CPU
	EndGlobalSection
	GlobalSection(ProjectConfigurationPlatforms) = postSolution
		{05C91ED9-A00E-4502-B9DD-B0C78081E145}.Debug|Any CPU.ActiveCfg = Debug|Any CPU
		{05C91ED9-A00E-4502-B9DD-B0C78081E145}.Debug|Any CPU.Build.0 = Debug|Any CPU
		{05C91ED9-A00E-4502-B9DD-B0C78081E145}.Release|Any CPU.ActiveCfg = Release|Any CPU
		{05C91ED9-A00E-4502-B9DD-B0C78081E145}.Release|Any CPU.Build.0 = Release|Any CPU
	EndGlobalSection
	GlobalSection(SolutionProperties) = preSolution
		HideSolutionNode = FALSE
	EndGlobalSection
	GlobalSection(ExtensibilityGlobals) = postSolution
		SolutionGuid = {4DD2E7AD-D842-428C-BADC-B4D4E67F3372}
	EndGlobalSection
EndGlobal
